
Microsoft Visual Studio Solution File, Format Version 12.00
# Visual Studio Version 17
VisualStudioVersion = 17.9.34701.34
MinimumVisualStudioVersion = 10.0.40219.1
Project("{9A19103F-16F7-4668-BE54-9A1E7A4F7556}") = "PresentationLayer", "PresentationLayer\PresentationLayer.csproj", "{1611A7C9-4ADF-4F0B-A785-BA490CDC924F}"
EndProject
Project("{9A19103F-16F7-4668-BE54-9A1E7A4F7556}") = "DataAccessLayer", "DataAccessLayer\DataAccessLayer.csproj", "{98BCBB60-71F7-45CC-90A3-2CFC2A188988}"
EndProject
Project("{9A19103F-16F7-4668-BE54-9A1E7A4F7556}") = "BuisnessLogicLayer", "BuisnessLogicLayer\BuisnessLogicLayer.csproj", "{A841E4AB-0818-4262-99E0-8C63330157B4}"
EndProject
Global
	GlobalSection(SolutionConfigurationPlatforms) = preSolution
		Debug|Any CPU = Debug|Any CPU
		Release|Any CPU = Release|Any CPU
	EndGlobalSection
	GlobalSection(ProjectConfigurationPlatforms) = postSolution
		{1611A7C9-4ADF-4F0B-A785-BA490CDC924F}.Debug|Any CPU.ActiveCfg = Debug|Any CPU
		{1611A7C9-4ADF-4F0B-A785-BA490CDC924F}.Debug|Any CPU.Build.0 = Debug|Any CPU
		{1611A7C9-4ADF-4F0B-A785-BA490CDC924F}.Release|Any CPU.ActiveCfg = Release|Any CPU
		{1611A7C9-4ADF-4F0B-A785-BA490CDC924F}.Release|Any CPU.Build.0 = Release|Any CPU
		{98BCBB60-71F7-45CC-90A3-2CFC2A188988}.Debug|Any CPU.ActiveCfg = Debug|Any CPU
		{98BCBB60-71F7-45CC-90A3-2CFC2A188988}.Debug|Any CPU.Build.0 = Debug|Any CPU
		{98BCBB60-71F7-45CC-90A3-2CFC2A188988}.Release|Any CPU.ActiveCfg = Release|Any CPU
		{98BCBB60-71F7-45CC-90A3-2CFC2A188988}.Release|Any CPU.Build.0 = Release|Any CPU
		{A841E4AB-0818-4262-99E0-8C63330157B4}.Debug|Any CPU.ActiveCfg = Debug|Any CPU
		{A841E4AB-0818-4262-99E0-8C63330157B4}.Debug|Any CPU.Build.0 = Debug|Any CPU
		{A841E4AB-0818-4262-99E0-8C63330157B4}.Release|Any CPU.ActiveCfg = Release|Any CPU
		{A841E4AB-0818-4262-99E0-8C63330157B4}.Release|Any CPU.Build.0 = Release|Any CPU
	EndGlobalSection
	GlobalSection(SolutionProperties) = preSolution
		HideSolutionNode = FALSE
	EndGlobalSection
	GlobalSection(ExtensibilityGlobals) = postSolution
		SolutionGuid = {8E652768-08EF-453A-A635-996CA27EBBFA}
	EndGlobalSection
EndGlobal
